{
  "name": "qaworkshop",
  "version": "1.0.0",
  "lockfileVersion": 1,
  "requires": true,
  "dependencies": {
    "node-env-file": {
      "version": "0.1.8",
      "resolved": "https://registry.npmjs.org/node-env-file/-/node-env-file-0.1.8.tgz",
      "integrity": "sha1-/Mt7BQ9zW1oz2p65N89vGrRX+2k="
    }
  }
}
